{
  "name": "rgfw.c",
  "version": "1.8.0",
  "lockfileVersion": 3,
  "requires": true,
  "packages": {
    "": {
      "name": "rgfw.c",
      "version": "1.8.0",
      "license": "Zlib",
      "dependencies": {
        "glad.c": "^1.2025.10"
      }
    },
    "node_modules/glad.c": {
      "version": "1.2025.10",
      "resolved": "https://registry.npmjs.org/glad.c/-/glad.c-1.2025.10.tgz",
      "integrity": "sha512-HObv0UoLsiEhaDuNhhT09l6lqG4vWSij9ZYiPhxfegHIFuIJr9OwoTsaxB/OKIpU69s6V0vX/Q5ee/Zx1QyaRw==",
      "license": "WTFPL"
    }
  }
}
